
Microsoft Visual Studio Solution File, Format Version 12.00
# Visual Studio Version 16
VisualStudioVersion = 16.0.31911.196
MinimumVisualStudioVersion = 10.0.40219.1
Project("{FAE04EC0-301F-11D3-BF4B-00C04F79EFBC}") = "A1", "A1\A1.csproj", "{934FA177-6E79-43D0-9E78-D63A65E8F301}"
EndProject
Global
	GlobalSection(SolutionConfigurationPlatforms) = preSolution
		Debug|Any CPU = Debug|Any CPU
		Release|Any CPU = Release|Any CPU
	EndGlobalSection
	GlobalSection(ProjectConfigurationPlatforms) = postSolution
		{934FA177-6E79-43D0-9E78-D63A65E8F301}.Debug|Any CPU.ActiveCfg = Debug|Any CPU
		{934FA177-6E79-43D0-9E78-D63A65E8F301}.Debug|Any CPU.Build.0 = Debug|Any CPU
		{934FA177-6E79-43D0-9E78-D63A65E8F301}.Release|Any CPU.ActiveCfg = Release|Any CPU
		{934FA177-6E79-43D0-9E78-D63A65E8F301}.Release|Any CPU.Build.0 = Release|Any CPU
	EndGlobalSection
	GlobalSection(SolutionProperties) = preSolution
		HideSolutionNode = FALSE
	EndGlobalSection
	GlobalSection(ExtensibilityGlobals) = postSolution
		SolutionGuid = {36189506-D609-414F-9A00-61BE72347CBB}
	EndGlobalSection
EndGlobal
